
Microsoft Visual Studio Solution File, Format Version 12.00
# Visual Studio Version 16
VisualStudioVersion = 16.0.29230.47
MinimumVisualStudioVersion = 10.0.40219.1
Project("{9A19103F-16F7-4668-BE54-9A1E7A4F7556}") = "TokenManager.Web.Api", "TokenManager.Web.Api\TokenManager.Web.Api.csproj", "{9AA07005-9831-4496-A22B-727FDFB0314C}"
EndProject
Project("{9A19103F-16F7-4668-BE54-9A1E7A4F7556}") = "TokenManager.Repository", "TokenManager.Repository\TokenManager.Repository.csproj", "{AC2031F6-F977-4B36-9242-2E6F924FF186}"
EndProject
Global
	GlobalSection(SolutionConfigurationPlatforms) = preSolution
		Debug|Any CPU = Debug|Any CPU
		Release|Any CPU = Release|Any CPU
	EndGlobalSection
	GlobalSection(ProjectConfigurationPlatforms) = postSolution
		{9AA07005-9831-4496-A22B-727FDFB0314C}.Debug|Any CPU.ActiveCfg = Debug|Any CPU
		{9AA07005-9831-4496-A22B-727FDFB0314C}.Debug|Any CPU.Build.0 = Debug|Any CPU
		{9AA07005-9831-4496-A22B-727FDFB0314C}.Release|Any CPU.ActiveCfg = Release|Any CPU
		{9AA07005-9831-4496-A22B-727FDFB0314C}.Release|Any CPU.Build.0 = Release|Any CPU
		{AC2031F6-F977-4B36-9242-2E6F924FF186}.Debug|Any CPU.ActiveCfg = Debug|Any CPU
		{AC2031F6-F977-4B36-9242-2E6F924FF186}.Debug|Any CPU.Build.0 = Debug|Any CPU
		{AC2031F6-F977-4B36-9242-2E6F924FF186}.Release|Any CPU.ActiveCfg = Release|Any CPU
		{AC2031F6-F977-4B36-9242-2E6F924FF186}.Release|Any CPU.Build.0 = Release|Any CPU
	EndGlobalSection
	GlobalSection(SolutionProperties) = preSolution
		HideSolutionNode = FALSE
	EndGlobalSection
	GlobalSection(ExtensibilityGlobals) = postSolution
		SolutionGuid = {B483F767-4530-43AD-87C4-333698D18747}
	EndGlobalSection
EndGlobal
